// !$*UTF8*$!
{
	archiveVersion = 1;
	classes = {
	};
	objectVersion = 77;
	objects = {

/* Begin PBXBuildFile section */
		981BB1032F9EF24000129C8F /* InputMethodKit.framework in Frameworks */ = {isa = PBXBuildFile; fileRef = 981BB1022F9EF24000129C8F /* InputMethodKit.framework */; };
/* End PBXBuildFile section */

/* Begin PBXContainerItemProxy section */
		98F512052CB0F1590009A766 /* PBXContainerItemProxy */ = {
			isa = PBXContainerItemProxy;
			containerPortal = 98F511EB2CB0F1570009A766 /* Project object */;
			proxyType = 1;
			remoteGlobalIDString = 98F511F22CB0F1570009A766;
			remoteInfo = BoiledOne;
		};
		98F5120F2CB0F1590009A766 /* PBXContainerItemProxy */ = {
			isa = PBXContainerItemProxy;
			containerPortal = 98F511EB2CB0F1570009A766 /* Project object */;
			proxyType = 1;
			remoteGlobalIDString = 98F511F22CB0F1570009A766;
			remoteInfo = BoiledOne;
		};
/* End PBXContainerItemProxy section */

/* Begin PBXFileReference section */
		981BB1022F9EF24000129C8F /* InputMethodKit.framework */ = {isa = PBXFileReference; lastKnownFileType = wrapper.framework; name = InputMethodKit.framework; path = System/Library/Frameworks/InputMethodKit.framework; sourceTree = SDKROOT; };
		98F511F32CB0F1570009A766 /* BoiledOne.app */ = {isa = PBXFileReference; explicitFileType = wrapper.application; includeInIndex = 0; path = BoiledOne.app; sourceTree = BUILT_PRODUCTS_DIR; };
		98F512042CB0F1590009A766 /* BoiledOneTests.xctest */ = {isa = PBXFileReference; explicitFileType = wrapper.cfbundle; includeInIndex = 0; path = BoiledOneTests.xctest; sourceTree = BUILT_PRODUCTS_DIR; };
		98F5120E2CB0F1590009A766 /* BoiledOneUITests.xctest */ = {isa = PBXFileReference; explicitFileType = wrapper.cfbundle; includeInIndex = 0; path = BoiledOneUITests.xctest; sourceTree = BUILT_PRODUCTS_DIR; };
/* End PBXFileReference section */

/* Begin PBXFileSystemSynchronizedRootGroup section */
		98F511F52CB0F1570009A766 /* BoiledOne */ = {
			isa = PBXFileSystemSynchronizedRootGroup;
			path = BoiledOne;
			sourceTree = "<group>";
		};
		98F512072CB0F1590009A766 /* BoiledOneTests */ = {
			isa = PBXFileSystemSynchronizedRootGroup;
			path = BoiledOneTests;
			sourceTree = "<group>";
		};
		98F512112CB0F1590009A766 /* BoiledOneUITests */ = {
			isa = PBXFileSystemSynchronizedRootGroup;
			path = BoiledOneUITests;
			sourceTree = "<group>";
		};
/* End PBXFileSystemSynchronizedRootGroup section */

/* Begin PBXFrameworksBuildPhase section */
		98F511F02CB0F1570009A766 /* Frameworks */ = {
			isa = PBXFrameworksBuildPhase;
			buildActionMask = 2147483647;
			files = (
			);
			runOnlyForDeploymentPostprocessing = 0;
		};
		98F512012CB0F1590009A766 /* Frameworks */ = {
			isa = PBXFrameworksBuildPhase;
			buildActionMask = 2147483647;
			files = (
				981BB1032F9EF24000129C8F /* InputMethodKit.framework in Frameworks */,
			);
			runOnlyForDeploymentPostprocessing = 0;
		};
		98F5120B2CB0F1590009A766 /* Frameworks */ = {
			isa = PBXFrameworksBuildPhase;
			buildActionMask = 2147483647;
			files = (
			);
			runOnlyForDeploymentPostprocessing = 0;
		};
/* End PBXFrameworksBuildPhase section */

/* Begin PBXGroup section */
		981BB1012F9EF24000129C8F /* Frameworks */ = {
			isa = PBXGroup;
			children = (
				981BB1022F9EF24000129C8F /* InputMethodKit.framework */,
			);
			name = Frameworks;
			sourceTree = "<group>";
		};
		98F511EA2CB0F1570009A766 = {
			isa = PBXGroup;
			children = (
				98F511F52CB0F1570009A766 /* BoiledOne */,
				98F512072CB0F1590009A766 /* BoiledOneTests */,
				98F512112CB0F1590009A766 /* BoiledOneUITests */,
				981BB1012F9EF24000129C8F /* Frameworks */,
				98F511F42CB0F1570009A766 /* Products */,
			);
			sourceTree = "<group>";
		};
		98F511F42CB0F1570009A766 /* Products */ = {
			isa = PBXGroup;
			children = (
				98F511F32CB0F1570009A766 /* BoiledOne.app */,
				98F512042CB0F1590009A766 /* BoiledOneTests.xctest */,
				98F5120E2CB0F1590009A766 /* BoiledOneUITests.xctest */,
			);
			name = Products;
			sourceTree = "<group>";
		};
/* End PBXGroup section */

/* Begin PBXNativeTarget section */
		98F511F22CB0F1570009A766 /* BoiledOne */ = {
			isa = PBXNativeTarget;
			buildConfigurationList = 98F512182CB0F1590009A766 /* Build configuration list for PBXNativeTarget "BoiledOne" */;
			buildPhases = (
				98F511EF2CB0F1570009A766 /* Sources */,
				98F511F02CB0F1570009A766 /* Frameworks */,
				98F511F12CB0F1570009A766 /* Resources */,
			);
			buildRules = (
			);
			dependencies = (
			);
			fileSystemSynchronizedGroups = (
				98F511F52CB0F1570009A766 /* BoiledOne */,
			);
			name = BoiledOne;
			packageProductDependencies = (
			);
			productName = BoiledOne;
			productReference = 98F511F32CB0F1570009A766 /* BoiledOne.app */;
			productType = "com.apple.product-type.application";
		};
		98F512032CB0F1590009A766 /* BoiledOneTests */ = {
			isa = PBXNativeTarget;
			buildConfigurationList = 98F5121B2CB0F1590009A766 /* Build configuration list for PBXNativeTarget "BoiledOneTests" */;
			buildPhases = (
				98F512002CB0F1590009A766 /* Sources */,
				98F512012CB0F1590009A766 /* Frameworks */,
				98F512022CB0F1590009A766 /* Resources */,
			);
			buildRules = (
			);
			dependencies = (
				98F512062CB0F1590009A766 /* PBXTargetDependency */,
			);
			fileSystemSynchronizedGroups = (
				98F512072CB0F1590009A766 /* BoiledOneTests */,
			);
			name = BoiledOneTests;
			packageProductDependencies = (
			);
			productName = BoiledOneTests;
			productReference = 98F512042CB0F1590009A766 /* BoiledOneTests.xctest */;
			productType = "com.apple.product-type.bundle.unit-test";
		};
		98F5120D2CB0F1590009A766 /* BoiledOneUITests */ = {
			isa = PBXNativeTarget;
			buildConfigurationList = 98F5121E2CB0F1590009A766 /* Build configuration list for PBXNativeTarget "BoiledOneUITests" */;
			buildPhases = (
				98F5120A2CB0F1590009A766 /* Sources */,
				98F5120B2CB0F1590009A766 /* Frameworks */,
				98F5120C2CB0F1590009A766 /* Resources */,
			);
			buildRules = (
			);
			dependencies = (
				98F512102CB0F1590009A766 /* PBXTargetDependency */,
			);
			fileSystemSynchronizedGroups = (
				98F512112CB0F1590009A766 /* BoiledOneUITests */,
			);
			name = BoiledOneUITests;
			packageProductDependencies = (
			);
			productName = BoiledOneUITests;
			productReference = 98F5120E2CB0F1590009A766 /* BoiledOneUITests.xctest */;
			productType = "com.apple.product-type.bundle.ui-testing";
		};
/* End PBXNativeTarget section */

/* Begin PBXProject section */
		98F511EB2CB0F1570009A766 /* Project object */ = {
			isa = PBXProject;
			attributes = {
				BuildIndependentTargetsInParallel = 1;
				LastSwiftUpdateCheck = 1600;
				LastUpgradeCheck = 1600;
				TargetAttributes = {
					98F511F22CB0F1570009A766 = {
						CreatedOnToolsVersion = 16.0;
						LastSwiftMigration = 2650;
					};
					98F512032CB0F1590009A766 = {
						CreatedOnToolsVersion = 16.0;
						LastSwiftMigration = 2650;
						TestTargetID = 98F511F22CB0F1570009A766;
					};
					98F5120D2CB0F1590009A766 = {
						CreatedOnToolsVersion = 16.0;
						TestTargetID = 98F511F22CB0F1570009A766;
					};
				};
			};
			buildConfigurationList = 98F511EE2CB0F1570009A766 /* Build configuration list for PBXProject "BoiledOne" */;
			developmentRegion = en;
			hasScannedForEncodings = 0;
			knownRegions = (
				en,
				Base,
			);
			mainGroup = 98F511EA2CB0F1570009A766;
			minimizedProjectReferenceProxies = 1;
			preferredProjectObjectVersion = 77;
			productRefGroup = 98F511F42CB0F1570009A766 /* Products */;
			projectDirPath = "";
			projectRoot = "";
			targets = (
				98F511F22CB0F1570009A766 /* BoiledOne */,
				98F512032CB0F1590009A766 /* BoiledOneTests */,
				98F5120D2CB0F1590009A766 /* BoiledOneUITests */,
			);
		};
/* End PBXProject section */

/* Begin PBXResourcesBuildPhase section */
		98F511F12CB0F1570009A766 /* Resources */ = {
			isa = PBXResourcesBuildPhase;
			buildActionMask = 2147483647;
			files = (
			);
			runOnlyForDeploymentPostprocessing = 0;
		};
		98F512022CB0F1590009A766 /* Resources */ = {
			isa = PBXResourcesBuildPhase;
			buildActionMask = 2147483647;
			files = (
			);
			runOnlyForDeploymentPostprocessing = 0;
		};
		98F5120C2CB0F1590009A766 /* Resources */ = {
			isa = PBXResourcesBuildPhase;
			buildActionMask = 2147483647;
			files = (
			);
			runOnlyForDeploymentPostprocessing = 0;
		};
/* End PBXResourcesBuildPhase section */

/* Begin PBXSourcesBuildPhase section */
		98F511EF2CB0F1570009A766 /* Sources */ = {
			isa = PBXSourcesBuildPhase;
			buildActionMask = 2147483647;
			files = (
			);
			runOnlyForDeploymentPostprocessing = 0;
		};
		98F512002CB0F1590009A766 /* Sources */ = {
			isa = PBXSourcesBuildPhase;
			buildActionMask = 2147483647;
			files = (
			);
			runOnlyForDeploymentPostprocessing = 0;
		};
		98F5120A2CB0F1590009A766 /* Sources */ = {
			isa = PBXSourcesBuildPhase;
			buildActionMask = 2147483647;
			files = (
			);
			runOnlyForDeploymentPostprocessing = 0;
		};
/* End PBXSourcesBuildPhase section */

/* Begin PBXTargetDependency section */
		98F512062CB0F1590009A766 /* PBXTargetDependency */ = {
			isa = PBXTargetDependency;
			target = 98F511F22CB0F1570009A766 /* BoiledOne */;
			targetProxy = 98F512052CB0F1590009A766 /* PBXContainerItemProxy */;
		};
		98F512102CB0F1590009A766 /* PBXTargetDependency */ = {
			isa = PBXTargetDependency;
			target = 98F511F22CB0F1570009A766 /* BoiledOne */;
			targetProxy = 98F5120F2CB0F1590009A766 /* PBXContainerItemProxy */;
		};
/* End PBXTargetDependency section */

/* Begin XCBuildConfiguration section */
		98F512162CB0F1590009A766 /* Debug */ = {
			isa = XCBuildConfiguration;
			buildSettings = {
				ALWAYS_SEARCH_USER_PATHS = NO;
				ASSETCATALOG_COMPILER_GENERATE_SWIFT_ASSET_SYMBOL_EXTENSIONS = YES;
				CLANG_ANALYZER_NONNULL = YES;
				CLANG_ANALYZER_NUMBER_OBJECT_CONVERSION = YES_AGGRESSIVE;
				CLANG_CXX_LANGUAGE_STANDARD = "gnu++20";
				CLANG_ENABLE_MODULES = YES;
				CLANG_ENABLE_OBJC_ARC = YES;
				CLANG_ENABLE_OBJC_WEAK = YES;
				CLANG_WARN_BLOCK_CAPTURE_AUTORELEASING = YES;
				CLANG_WARN_BOOL_CONVERSION = YES;
				CLANG_WARN_COMMA = YES;
				CLANG_WARN_CONSTANT_CONVERSION = YES;
				CLANG_WARN_DEPRECATED_OBJC_IMPLEMENTATIONS = YES;
				CLANG_WARN_DIRECT_OBJC_ISA_USAGE = YES_ERROR;
				CLANG_WARN_DOCUMENTATION_COMMENTS = YES;
				CLANG_WARN_EMPTY_BODY = YES;
				CLANG_WARN_ENUM_CONVERSION = YES;
				CLANG_WARN_INFINITE_RECURSION = YES;
				CLANG_WARN_INT_CONVERSION = YES;
				CLANG_WARN_NON_LITERAL_NULL_CONVERSION = YES;
				CLANG_WARN_OBJC_IMPLICIT_RETAIN_SELF = YES;
				CLANG_WARN_OBJC_LITERAL_CONVERSION = YES;
				CLANG_WARN_OBJC_ROOT_CLASS = YES_ERROR;
				CLANG_WARN_QUOTED_INCLUDE_IN_FRAMEWORK_HEADER = YES;
				CLANG_WARN_RANGE_LOOP_ANALYSIS = YES;
				CLANG_WARN_STRICT_PROTOTYPES = YES;
				CLANG_WARN_SUSPICIOUS_MOVE = YES;
				CLANG_WARN_UNGUARDED_AVAILABILITY = YES_AGGRESSIVE;
				CLANG_WARN_UNREACHABLE_CODE = YES;
				CLANG_WARN__DUPLICATE_METHOD_MATCH = YES;
				COPY_PHASE_STRIP = NO;
				DEBUG_INFORMATION_FORMAT = dwarf;
				ENABLE_STRICT_OBJC_MSGSEND = YES;
				ENABLE_TESTABILITY = YES;
				ENABLE_USER_SCRIPT_SANDBOXING = YES;
				GCC_C_LANGUAGE_STANDARD = gnu17;
				GCC_DYNAMIC_NO_PIC = NO;
				GCC_NO_COMMON_BLOCKS = YES;
				GCC_OPTIMIZATION_LEVEL = 0;
				GCC_PREPROCESSOR_DEFINITIONS = (
					"DEBUG=1",
					"$(inherited)",
				);
				GCC_WARN_64_TO_32_BIT_CONVERSION = YES;
				GCC_WARN_ABOUT_RETURN_TYPE = YES_ERROR;
				GCC_WARN_UNDECLARED_SELECTOR = YES;
				GCC_WARN_UNINITIALIZED_AUTOS = YES_AGGRESSIVE;
				GCC_WARN_UNUSED_FUNCTION = YES;
				GCC_WARN_UNUSED_VARIABLE = YES;
				LOCALIZATION_PREFERS_STRING_CATALOGS = YES;
				MACOSX_DEPLOYMENT_TARGET = 14.6;
				MTL_ENABLE_DEBUG_INFO = INCLUDE_SOURCE;
				MTL_FAST_MATH = YES;
				ONLY_ACTIVE_ARCH = YES;
				SDKROOT = macosx;
				SWIFT_ACTIVE_COMPILATION_CONDITIONS = "DEBUG $(inherited)";
				SWIFT_OPTIMIZATION_LEVEL = "-Onone";
			};
			name = Debug;
		};
		98F512172CB0F1590009A766 /* Release */ = {
			isa = XCBuildConfiguration;
			buildSettings = {
				ALWAYS_SEARCH_USER_PATHS = NO;
				ASSETCATALOG_COMPILER_GENERATE_SWIFT_ASSET_SYMBOL_EXTENSIONS = YES;
				CLANG_ANALYZER_NONNULL = YES;
				CLANG_ANALYZER_NUMBER_OBJECT_CONVERSION = YES_AGGRESSIVE;
				CLANG_CXX_LANGUAGE_STANDARD = "gnu++20";
				CLANG_ENABLE_MODULES = YES;
				CLANG_ENABLE_OBJC_ARC = YES;
				CLANG_ENABLE_OBJC_WEAK = YES;
				CLANG_WARN_BLOCK_CAPTURE_AUTORELEASING = YES;
				CLANG_WARN_BOOL_CONVERSION = YES;
				CLANG_WARN_COMMA = YES;
				CLANG_WARN_CONSTANT_CONVERSION = YES;
				CLANG_WARN_DEPRECATED_OBJC_IMPLEMENTATIONS = YES;
				CLANG_WARN_DIRECT_OBJC_ISA_USAGE = YES_ERROR;
				CLANG_WARN_DOCUMENTATION_COMMENTS = YES;
				CLANG_WARN_EMPTY_BODY = YES;
				CLANG_WARN_ENUM_CONVERSION = YES;
				CLANG_WARN_INFINITE_RECURSION = YES;
				CLANG_WARN_INT_CONVERSION = YES;
				CLANG_WARN_NON_LITERAL_NULL_CONVERSION = YES;
				CLANG_WARN_OBJC_IMPLICIT_RETAIN_SELF = YES;
				CLANG_WARN_OBJC_LITERAL_CONVERSION = YES;
				CLANG_WARN_OBJC_ROOT_CLASS = YES_ERROR;
				CLANG_WARN_QUOTED_INCLUDE_IN_FRAMEWORK_HEADER = YES;
				CLANG_WARN_RANGE_LOOP_ANALYSIS = YES;
				CLANG_WARN_STRICT_PROTOTYPES = YES;
				CLANG_WARN_SUSPICIOUS_MOVE = YES;
				CLANG_WARN_UNGUARDED_AVAILABILITY = YES_AGGRESSIVE;
				CLANG_WARN_UNREACHABLE_CODE = YES;
				CLANG_WARN__DUPLICATE_METHOD_MATCH = YES;
				COPY_PHASE_STRIP = NO;
				DEBUG_INFORMATION_FORMAT = "dwarf-with-dsym";
				ENABLE_NS_ASSERTIONS = NO;
				ENABLE_STRICT_OBJC_MSGSEND = YES;
				ENABLE_USER_SCRIPT_SANDBOXING = YES;
				GCC_C_LANGUAGE_STANDARD = gnu17;
				GCC_NO_COMMON_BLOCKS = YES;
				GCC_WARN_64_TO_32_BIT_CONVERSION = YES;
				GCC_WARN_ABOUT_RETURN_TYPE = YES_ERROR;
				GCC_WARN_UNDECLARED_SELECTOR = YES;
				GCC_WARN_UNINITIALIZED_AUTOS = YES_AGGRESSIVE;
				GCC_WARN_UNUSED_FUNCTION = YES;
				GCC_WARN_UNUSED_VARIABLE = YES;
				LOCALIZATION_PREFERS_STRING_CATALOGS = YES;
				MACOSX_DEPLOYMENT_TARGET = 14.6;
				MTL_ENABLE_DEBUG_INFO = NO;
				MTL_FAST_MATH = YES;
				SDKROOT = macosx;
				SWIFT_COMPILATION_MODE = wholemodule;
			};
			name = Release;
		};
		98F512192CB0F1590009A766 /* Debug */ = {
			isa = XCBuildConfiguration;
			buildSettings = {
				ASSETCATALOG_COMPILER_APPICON_NAME = AppIcon;
				ASSETCATALOG_COMPILER_GLOBAL_ACCENT_COLOR_NAME = AccentColor;
				CLANG_ENABLE_MODULES = YES;
				CODE_SIGN_ENTITLEMENTS = BoiledOne/BoiledOne.entitlements;
				CODE_SIGN_STYLE = Manual;
				COMBINE_HIDPI_IMAGES = YES;
				CURRENT_PROJECT_VERSION = 1;
				DEVELOPMENT_ASSET_PATHS = "\"BoiledOne/Preview Content\"";
				DEVELOPMENT_TEAM = "";
				ENABLE_APP_SANDBOX = YES;
				ENABLE_INCOMING_NETWORK_CONNECTIONS = NO;
				ENABLE_OUTGOING_NETWORK_CONNECTIONS = NO;
				ENABLE_PREVIEWS = YES;
				ENABLE_RESOURCE_ACCESS_AUDIO_INPUT = NO;
				ENABLE_RESOURCE_ACCESS_BLUETOOTH = NO;
				ENABLE_RESOURCE_ACCESS_CALENDARS = NO;
				ENABLE_RESOURCE_ACCESS_CAMERA = NO;
				ENABLE_RESOURCE_ACCESS_CONTACTS = NO;
				ENABLE_RESOURCE_ACCESS_LOCATION = NO;
				ENABLE_RESOURCE_ACCESS_PRINTING = NO;
				ENABLE_RESOURCE_ACCESS_USB = NO;
				GENERATE_INFOPLIST_FILE = YES;
				INFOPLIST_FILE = BoiledOne/Info.plist;
				INFOPLIST_KEY_CFBundleDisplayName = BoiledOne;
				INFOPLIST_KEY_NSHumanReadableCopyright = "";
				LD_RUNPATH_SEARCH_PATHS = (
					"$(inherited)",
					"@executable_path/../Frameworks",
				);
				MARKETING_VERSION = 1.0;
				PRODUCT_BUNDLE_IDENTIFIER = io.github.dagezi.inputmethod.BoiledOne;
				PRODUCT_NAME = "$(TARGET_NAME)";
				PROVISIONING_PROFILE_SPECIFIER = "";
				SWIFT_EMIT_LOC_STRINGS = YES;
				SWIFT_OPTIMIZATION_LEVEL = "-Onone";
				SWIFT_VERSION = 5.0;
			};
			name = Debug;
		};
		98F5121A2CB0F1590009A766 /* Release */ = {
			isa = XCBuildConfiguration;
			buildSettings = {
				ASSETCATALOG_COMPILER_APPICON_NAME = AppIcon;
				ASSETCATALOG_COMPILER_GLOBAL_ACCENT_COLOR_NAME = AccentColor;
				CLANG_ENABLE_MODULES = YES;
				CODE_SIGN_ENTITLEMENTS = BoiledOne/BoiledOne.entitlements;
				CODE_SIGN_STYLE = Manual;
				COMBINE_HIDPI_IMAGES = YES;
				CURRENT_PROJECT_VERSION = 1;
				DEVELOPMENT_ASSET_PATHS = "\"BoiledOne/Preview Content\"";
				DEVELOPMENT_TEAM = "";
				ENABLE_APP_SANDBOX = YES;
				ENABLE_INCOMING_NETWORK_CONNECTIONS = NO;
				ENABLE_OUTGOING_NETWORK_CONNECTIONS = NO;
				ENABLE_PREVIEWS = YES;
				ENABLE_RESOURCE_ACCESS_AUDIO_INPUT = NO;
				ENABLE_RESOURCE_ACCESS_BLUETOOTH = NO;
				ENABLE_RESOURCE_ACCESS_CALENDARS = NO;
				ENABLE_RESOURCE_ACCESS_CAMERA = NO;
				ENABLE_RESOURCE_ACCESS_CONTACTS = NO;
				ENABLE_RESOURCE_ACCESS_LOCATION = NO;
				ENABLE_RESOURCE_ACCESS_PRINTING = NO;
				ENABLE_RESOURCE_ACCESS_USB = NO;
				GENERATE_INFOPLIST_FILE = YES;
				INFOPLIST_FILE = BoiledOne/Info.plist;
				INFOPLIST_KEY_CFBundleDisplayName = BoiledOne;
				INFOPLIST_KEY_NSHumanReadableCopyright = "";
				LD_RUNPATH_SEARCH_PATHS = (
					"$(inherited)",
					"@executable_path/../Frameworks",
				);
				MARKETING_VERSION = 1.0;
				PRODUCT_BUNDLE_IDENTIFIER = io.github.dagezi.inputmethod.BoiledOne;
				PRODUCT_NAME = "$(TARGET_NAME)";
				PROVISIONING_PROFILE_SPECIFIER = "";
				SWIFT_EMIT_LOC_STRINGS = YES;
				SWIFT_VERSION = 5.0;
			};
			name = Release;
		};
		98F5121C2CB0F1590009A766 /* Debug */ = {
			isa = XCBuildConfiguration;
			buildSettings = {
				BUNDLE_LOADER = "$(TEST_HOST)";
				CLANG_ENABLE_MODULES = YES;
				CODE_SIGN_STYLE = Automatic;
				CURRENT_PROJECT_VERSION = 1;
				GENERATE_INFOPLIST_FILE = YES;
				INFOPLIST_FILE = BoiledOne/Info.plist;
				INFOPLIST_KEY_CFBundleDisplayName = "";
				INFOPLIST_KEY_LSApplicationCategoryType = "";
				INFOPLIST_KEY_LSUIElement = YES;
				MACH_O_TYPE = app;
				MACOSX_DEPLOYMENT_TARGET = 14.6;
				MARKETING_VERSION = 1.0;
				PRODUCT_BUNDLE_IDENTIFIER = io.github.dagezi.BoiledOneTests;
				PRODUCT_NAME = "$(TARGET_NAME)";
				SWIFT_EMIT_LOC_STRINGS = NO;
				SWIFT_OPTIMIZATION_LEVEL = "-Onone";
				SWIFT_VERSION = 5.0;
				TEST_HOST = "$(BUILT_PRODUCTS_DIR)/BoiledOne.app/$(BUNDLE_EXECUTABLE_FOLDER_PATH)/BoiledOne";
			};
			name = Debug;
		};
		98F5121D2CB0F1590009A766 /* Release */ = {
			isa = XCBuildConfiguration;
			buildSettings = {
				BUNDLE_LOADER = "$(TEST_HOST)";
				CLANG_ENABLE_MODULES = YES;
				CODE_SIGN_STYLE = Automatic;
				CURRENT_PROJECT_VERSION = 1;
				GENERATE_INFOPLIST_FILE = YES;
				INFOPLIST_FILE = BoiledOne/Info.plist;
				INFOPLIST_KEY_CFBundleDisplayName = "";
				INFOPLIST_KEY_LSApplicationCategoryType = "";
				INFOPLIST_KEY_LSUIElement = YES;
				MACH_O_TYPE = app;
				MACOSX_DEPLOYMENT_TARGET = 14.6;
				MARKETING_VERSION = 1.0;
				PRODUCT_BUNDLE_IDENTIFIER = io.github.dagezi.BoiledOneTests;
				PRODUCT_NAME = "$(TARGET_NAME)";
				SWIFT_EMIT_LOC_STRINGS = NO;
				SWIFT_VERSION = 5.0;
				TEST_HOST = "$(BUILT_PRODUCTS_DIR)/BoiledOne.app/$(BUNDLE_EXECUTABLE_FOLDER_PATH)/BoiledOne";
			};
			name = Release;
		};
		98F5121F2CB0F1590009A766 /* Debug */ = {
			isa = XCBuildConfiguration;
			buildSettings = {
				CODE_SIGN_STYLE = Automatic;
				CURRENT_PROJECT_VERSION = 1;
				GENERATE_INFOPLIST_FILE = YES;
				MARKETING_VERSION = 1.0;
				PRODUCT_BUNDLE_IDENTIFIER = io.github.dagezi.BoiledOneUITests;
				PRODUCT_NAME = "$(TARGET_NAME)";
				SWIFT_EMIT_LOC_STRINGS = NO;
				SWIFT_VERSION = 5.0;
				TEST_TARGET_NAME = BoiledOne;
			};
			name = Debug;
		};
		98F512202CB0F1590009A766 /* Release */ = {
			isa = XCBuildConfiguration;
			buildSettings = {
				CODE_SIGN_STYLE = Automatic;
				CURRENT_PROJECT_VERSION = 1;
				GENERATE_INFOPLIST_FILE = YES;
				MARKETING_VERSION = 1.0;
				PRODUCT_BUNDLE_IDENTIFIER = io.github.dagezi.BoiledOneUITests;
				PRODUCT_NAME = "$(TARGET_NAME)";
				SWIFT_EMIT_LOC_STRINGS = NO;
				SWIFT_VERSION = 5.0;
				TEST_TARGET_NAME = BoiledOne;
			};
			name = Release;
		};
/* End XCBuildConfiguration section */

/* Begin XCConfigurationList section */
		98F511EE2CB0F1570009A766 /* Build configuration list for PBXProject "BoiledOne" */ = {
			isa = XCConfigurationList;
			buildConfigurations = (
				98F512162CB0F1590009A766 /* Debug */,
				98F512172CB0F1590009A766 /* Release */,
			);
			defaultConfigurationIsVisible = 0;
			defaultConfigurationName = Release;
		};
		98F512182CB0F1590009A766 /* Build configuration list for PBXNativeTarget "BoiledOne" */ = {
			isa = XCConfigurationList;
			buildConfigurations = (
				98F512192CB0F1590009A766 /* Debug */,
				98F5121A2CB0F1590009A766 /* Release */,
			);
			defaultConfigurationIsVisible = 0;
			defaultConfigurationName = Release;
		};
		98F5121B2CB0F1590009A766 /* Build configuration list for PBXNativeTarget "BoiledOneTests" */ = {
			isa = XCConfigurationList;
			buildConfigurations = (
				98F5121C2CB0F1590009A766 /* Debug */,
				98F5121D2CB0F1590009A766 /* Release */,
			);
			defaultConfigurationIsVisible = 0;
			defaultConfigurationName = Release;
		};
		98F5121E2CB0F1590009A766 /* Build configuration list for PBXNativeTarget "BoiledOneUITests" */ = {
			isa = XCConfigurationList;
			buildConfigurations = (
				98F5121F2CB0F1590009A766 /* Debug */,
				98F512202CB0F1590009A766 /* Release */,
			);
			defaultConfigurationIsVisible = 0;
			defaultConfigurationName = Release;
		};
/* End XCConfigurationList section */
	};
	rootObject = 98F511EB2CB0F1570009A766 /* Project object */;
}
